// !$*UTF8*$!
{
	archiveVersion = 1;
	classes = {
	};
	objectVersion = 46;
	objects = {

/* Begin PBXBuildFile section */
		1F568FEC1C7E51BC003E9EB2 /* FeedVC.swift in Sources */ = {isa = PBXBuildFile; fileRef = 1F568FEB1C7E51BC003E9EB2 /* FeedVC.swift */; };
		1F568FEE1C7E5280003E9EB2 /* PostCell.swift in Sources */ = {isa = PBXBuildFile; fileRef = 1F568FED1C7E5280003E9EB2 /* PostCell.swift */; };
		1FDDE4D81C7C80DA00572122 /* AppDelegate.swift in Sources */ = {isa = PBXBuildFile; fileRef = 1FDDE4D71C7C80DA00572122 /* AppDelegate.swift */; };
		1FDDE4DA1C7C80DA00572122 /* ViewController.swift in Sources */ = {isa = PBXBuildFile; fileRef = 1FDDE4D91C7C80DA00572122 /* ViewController.swift */; };
		1FDDE4DD1C7C80DB00572122 /* Main.storyboard in Resources */ = {isa = PBXBuildFile; fileRef = 1FDDE4DB1C7C80DB00572122 /* Main.storyboard */; };
		1FDDE4E01C7C80DB00572122 /* SN_Showcase.xcdatamodeld in Sources */ = {isa = PBXBuildFile; fileRef = 1FDDE4DE1C7C80DB00572122 /* SN_Showcase.xcdatamodeld */; };
		1FDDE4E21C7C80DB00572122 /* Assets.xcassets in Resources */ = {isa = PBXBuildFile; fileRef = 1FDDE4E11C7C80DB00572122 /* Assets.xcassets */; };
		1FDDE4E51C7C80DB00572122 /* LaunchScreen.storyboard in Resources */ = {isa = PBXBuildFile; fileRef = 1FDDE4E31C7C80DB00572122 /* LaunchScreen.storyboard */; };
		1FDDE4F01C7C815500572122 /* NotoSans-Bold.ttf in Resources */ = {isa = PBXBuildFile; fileRef = 1FDDE4EC1C7C815500572122 /* NotoSans-Bold.ttf */; };
		1FDDE4F11C7C815500572122 /* NotoSans-BoldItalic.ttf in Resources */ = {isa = PBXBuildFile; fileRef = 1FDDE4ED1C7C815500572122 /* NotoSans-BoldItalic.ttf */; };
		1FDDE4F21C7C815500572122 /* NotoSans-Italic.ttf in Resources */ = {isa = PBXBuildFile; fileRef = 1FDDE4EE1C7C815500572122 /* NotoSans-Italic.ttf */; };
		1FDDE4F31C7C815500572122 /* NotoSans-Regular.ttf in Resources */ = {isa = PBXBuildFile; fileRef = 1FDDE4EF1C7C815500572122 /* NotoSans-Regular.ttf */; };
		1FDDE4F91C7C865B00572122 /* MaterialView.swift in Sources */ = {isa = PBXBuildFile; fileRef = 1FDDE4F81C7C865B00572122 /* MaterialView.swift */; };
		1FDDE4FC1C7C86D000572122 /* Constats.swift in Sources */ = {isa = PBXBuildFile; fileRef = 1FDDE4FB1C7C86D000572122 /* Constats.swift */; };
		1FDDE4FE1C7C8CDE00572122 /* MaterialButton.swift in Sources */ = {isa = PBXBuildFile; fileRef = 1FDDE4FD1C7C8CDE00572122 /* MaterialButton.swift */; };
		1FDDE5001C7C900400572122 /* MaterialTextField.swift in Sources */ = {isa = PBXBuildFile; fileRef = 1FDDE4FF1C7C900400572122 /* MaterialTextField.swift */; };
		1FDDE5051C7C9AE500572122 /* Bolts.framework in Frameworks */ = {isa = PBXBuildFile; fileRef = 1FDDE5021C7C9AE500572122 /* Bolts.framework */; };
		1FDDE5061C7C9AE500572122 /* FBSDKCoreKit.framework in Frameworks */ = {isa = PBXBuildFile; fileRef = 1FDDE5031C7C9AE500572122 /* FBSDKCoreKit.framework */; };
		1FDDE5071C7C9AE500572122 /* FBSDKLoginKit.framework in Frameworks */ = {isa = PBXBuildFile; fileRef = 1FDDE5041C7C9AE500572122 /* FBSDKLoginKit.framework */; };
		1FDDE50A1C7CC6F900572122 /* DataService.swift in Sources */ = {isa = PBXBuildFile; fileRef = 1FDDE5091C7CC6F900572122 /* DataService.swift */; };
		6B12AB731F0D9CFD7008CFB5 /* Pods_SN_Showcase.framework in Frameworks */ = {isa = PBXBuildFile; fileRef = 15F942DFE77E7AE542DB5392 /* Pods_SN_Showcase.framework */; };
/* End PBXBuildFile section */

/* Begin PBXFileReference section */
		15F942DFE77E7AE542DB5392 /* Pods_SN_Showcase.framework */ = {isa = PBXFileReference; explicitFileType = wrapper.framework; includeInIndex = 0; path = Pods_SN_Showcase.framework; sourceTree = BUILT_PRODUCTS_DIR; };
		1F568FEB1C7E51BC003E9EB2 /* FeedVC.swift */ = {isa = PBXFileReference; fileEncoding = 4; lastKnownFileType = sourcecode.swift; path = FeedVC.swift; sourceTree = "<group>"; };
		1F568FED1C7E5280003E9EB2 /* PostCell.swift */ = {isa = PBXFileReference; fileEncoding = 4; lastKnownFileType = sourcecode.swift; path = PostCell.swift; sourceTree = "<group>"; };
		1FDDE4D41C7C80DA00572122 /* SN-Showcase.app */ = {isa = PBXFileReference; explicitFileType = wrapper.application; includeInIndex = 0; path = "SN-Showcase.app"; sourceTree = BUILT_PRODUCTS_DIR; };
		1FDDE4D71C7C80DA00572122 /* AppDelegate.swift */ = {isa = PBXFileReference; lastKnownFileType = sourcecode.swift; path = AppDelegate.swift; sourceTree = "<group>"; };
		1FDDE4D91C7C80DA00572122 /* ViewController.swift */ = {isa = PBXFileReference; lastKnownFileType = sourcecode.swift; path = ViewController.swift; sourceTree = "<group>"; };
		1FDDE4DC1C7C80DB00572122 /* Base */ = {isa = PBXFileReference; lastKnownFileType = file.storyboard; name = Base; path = Base.lproj/Main.storyboard; sourceTree = "<group>"; };
		1FDDE4DF1C7C80DB00572122 /* SN_Showcase.xcdatamodel */ = {isa = PBXFileReference; lastKnownFileType = wrapper.xcdatamodel; path = SN_Showcase.xcdatamodel; sourceTree = "<group>"; };
		1FDDE4E11C7C80DB00572122 /* Assets.xcassets */ = {isa = PBXFileReference; lastKnownFileType = folder.assetcatalog; path = Assets.xcassets; sourceTree = "<group>"; };
		1FDDE4E41C7C80DB00572122 /* Base */ = {isa = PBXFileReference; lastKnownFileType = file.storyboard; name = Base; path = Base.lproj/LaunchScreen.storyboard; sourceTree = "<group>"; };
		1FDDE4E61C7C80DB00572122 /* Info.plist */ = {isa = PBXFileReference; lastKnownFileType = text.plist.xml; path = Info.plist; sourceTree = "<group>"; };
		1FDDE4EC1C7C815500572122 /* NotoSans-Bold.ttf */ = {isa = PBXFileReference; lastKnownFileType = file; path = "NotoSans-Bold.ttf"; sourceTree = "<group>"; };
		1FDDE4ED1C7C815500572122 /* NotoSans-BoldItalic.ttf */ = {isa = PBXFileReference; lastKnownFileType = file; path = "NotoSans-BoldItalic.ttf"; sourceTree = "<group>"; };
		1FDDE4EE1C7C815500572122 /* NotoSans-Italic.ttf */ = {isa = PBXFileReference; lastKnownFileType = file; path = "NotoSans-Italic.ttf"; sourceTree = "<group>"; };
		1FDDE4EF1C7C815500572122 /* NotoSans-Regular.ttf */ = {isa = PBXFileReference; lastKnownFileType = file; path = "NotoSans-Regular.ttf"; sourceTree = "<group>"; };
		1FDDE4F81C7C865B00572122 /* MaterialView.swift */ = {isa = PBXFileReference; fileEncoding = 4; lastKnownFileType = sourcecode.swift; path = MaterialView.swift; sourceTree = "<group>"; };
		1FDDE4FB1C7C86D000572122 /* Constats.swift */ = {isa = PBXFileReference; fileEncoding = 4; lastKnownFileType = sourcecode.swift; path = Constats.swift; sourceTree = "<group>"; };
		1FDDE4FD1C7C8CDE00572122 /* MaterialButton.swift */ = {isa = PBXFileReference; fileEncoding = 4; lastKnownFileType = sourcecode.swift; path = MaterialButton.swift; sourceTree = "<group>"; };
		1FDDE4FF1C7C900400572122 /* MaterialTextField.swift */ = {isa = PBXFileReference; fileEncoding = 4; lastKnownFileType = sourcecode.swift; path = MaterialTextField.swift; sourceTree = "<group>"; };
		1FDDE5021C7C9AE500572122 /* Bolts.framework */ = {isa = PBXFileReference; lastKnownFileType = wrapper.framework; path = Bolts.framework; sourceTree = "<group>"; };
		1FDDE5031C7C9AE500572122 /* FBSDKCoreKit.framework */ = {isa = PBXFileReference; lastKnownFileType = wrapper.framework; path = FBSDKCoreKit.framework; sourceTree = "<group>"; };
		1FDDE5041C7C9AE500572122 /* FBSDKLoginKit.framework */ = {isa = PBXFileReference; lastKnownFileType = wrapper.framework; path = FBSDKLoginKit.framework; sourceTree = "<group>"; };
		1FDDE5091C7CC6F900572122 /* DataService.swift */ = {isa = PBXFileReference; fileEncoding = 4; lastKnownFileType = sourcecode.swift; path = DataService.swift; sourceTree = "<group>"; };
		A82A6742883BC9D8E7D335F6 /* Pods-SN-Showcase.release.xcconfig */ = {isa = PBXFileReference; includeInIndex = 1; lastKnownFileType = text.xcconfig; name = "Pods-SN-Showcase.release.xcconfig"; path = "Pods/Target Support Files/Pods-SN-Showcase/Pods-SN-Showcase.release.xcconfig"; sourceTree = "<group>"; };
		BB3ABD06B8A111AAB7312D8A /* Pods-SN-Showcase.debug.xcconfig */ = {isa = PBXFileReference; includeInIndex = 1; lastKnownFileType = text.xcconfig; name = "Pods-SN-Showcase.debug.xcconfig"; path = "Pods/Target Support Files/Pods-SN-Showcase/Pods-SN-Showcase.debug.xcconfig"; sourceTree = "<group>"; };
/* End PBXFileReference section */

/* Begin PBXFrameworksBuildPhase section */
		1FDDE4D11C7C80DA00572122 /* Frameworks */ = {
			isa = PBXFrameworksBuildPhase;
			buildActionMask = 2147483647;
			files = (
				1FDDE5051C7C9AE500572122 /* Bolts.framework in Frameworks */,
				1FDDE5061C7C9AE500572122 /* FBSDKCoreKit.framework in Frameworks */,
				1FDDE5071C7C9AE500572122 /* FBSDKLoginKit.framework in Frameworks */,
				6B12AB731F0D9CFD7008CFB5 /* Pods_SN_Showcase.framework in Frameworks */,
			);
			runOnlyForDeploymentPostprocessing = 0;
		};
/* End PBXFrameworksBuildPhase section */

/* Begin PBXGroup section */
		1FDDE4CB1C7C80DA00572122 = {
			isa = PBXGroup;
			children = (
				1FDDE4D61C7C80DA00572122 /* SN-Showcase */,
				1FDDE4D51C7C80DA00572122 /* Products */,
				41BE0F0912B25AF19596CF14 /* Pods */,
				54AD4E2CC12F5EB2D682C642 /* Frameworks */,
			);
			sourceTree = "<group>";
		};
		1FDDE4D51C7C80DA00572122 /* Products */ = {
			isa = PBXGroup;
			children = (
				1FDDE4D41C7C80DA00572122 /* SN-Showcase.app */,
			);
			name = Products;
			sourceTree = "<group>";
		};
		1FDDE4D61C7C80DA00572122 /* SN-Showcase */ = {
			isa = PBXGroup;
			children = (
				1FDDE5081C7CC6E200572122 /* Services */,
				1FDDE5011C7C9AB500572122 /* Frameworks */,
				1FDDE4FA1C7C86BB00572122 /* Util */,
				1FDDE4F71C7C81EA00572122 /* Model */,
				1FDDE4F61C7C81E000572122 /* View */,
				1FDDE4F51C7C81CE00572122 /* Controller */,
				1FDDE4F41C7C81B900572122 /* Resources */,
				1FDDE4D71C7C80DA00572122 /* AppDelegate.swift */,
				1FDDE4DB1C7C80DB00572122 /* Main.storyboard */,
				1FDDE4E11C7C80DB00572122 /* Assets.xcassets */,
				1FDDE4E31C7C80DB00572122 /* LaunchScreen.storyboard */,
				1FDDE4E61C7C80DB00572122 /* Info.plist */,
				1FDDE4DE1C7C80DB00572122 /* SN_Showcase.xcdatamodeld */,
			);
			path = "SN-Showcase";
			sourceTree = "<group>";
		};
		1FDDE4F41C7C81B900572122 /* Resources */ = {
			isa = PBXGroup;
			children = (
				1FDDE4EC1C7C815500572122 /* NotoSans-Bold.ttf */,
				1FDDE4ED1C7C815500572122 /* NotoSans-BoldItalic.ttf */,
				1FDDE4EE1C7C815500572122 /* NotoSans-Italic.ttf */,
				1FDDE4EF1C7C815500572122 /* NotoSans-Regular.ttf */,
			);
			name = Resources;
			sourceTree = "<group>";
		};
		1FDDE4F51C7C81CE00572122 /* Controller */ = {
			isa = PBXGroup;
			children = (
			);
			name = Controller;
			sourceTree = "<group>";
		};
		1FDDE4F61C7C81E000572122 /* View */ = {
			isa = PBXGroup;
			children = (
				1FDDE4F81C7C865B00572122 /* MaterialView.swift */,
				1FDDE4FD1C7C8CDE00572122 /* MaterialButton.swift */,
				1FDDE4FF1C7C900400572122 /* MaterialTextField.swift */,
				1FDDE4D91C7C80DA00572122 /* ViewController.swift */,
				1F568FEB1C7E51BC003E9EB2 /* FeedVC.swift */,
				1F568FED1C7E5280003E9EB2 /* PostCell.swift */,
			);
			name = View;
			sourceTree = "<group>";
		};
		1FDDE4F71C7C81EA00572122 /* Model */ = {
			isa = PBXGroup;
			children = (
			);
			name = Model;
			sourceTree = "<group>";
		};
		1FDDE4FA1C7C86BB00572122 /* Util */ = {
			isa = PBXGroup;
			children = (
				1FDDE4FB1C7C86D000572122 /* Constats.swift */,
			);
			name = Util;
			sourceTree = "<group>";
		};
		1FDDE5011C7C9AB500572122 /* Frameworks */ = {
			isa = PBXGroup;
			children = (
				1FDDE5021C7C9AE500572122 /* Bolts.framework */,
				1FDDE5031C7C9AE500572122 /* FBSDKCoreKit.framework */,
				1FDDE5041C7C9AE500572122 /* FBSDKLoginKit.framework */,
			);
			name = Frameworks;
			sourceTree = "<group>";
		};
		1FDDE5081C7CC6E200572122 /* Services */ = {
			isa = PBXGroup;
			children = (
				1FDDE5091C7CC6F900572122 /* DataService.swift */,
			);
			name = Services;
			sourceTree = "<group>";
		};
		41BE0F0912B25AF19596CF14 /* Pods */ = {
			isa = PBXGroup;
			children = (
				BB3ABD06B8A111AAB7312D8A /* Pods-SN-Showcase.debug.xcconfig */,
				A82A6742883BC9D8E7D335F6 /* Pods-SN-Showcase.release.xcconfig */,
			);
			name = Pods;
			sourceTree = "<group>";
		};
		54AD4E2CC12F5EB2D682C642 /* Frameworks */ = {
			isa = PBXGroup;
			children = (
				15F942DFE77E7AE542DB5392 /* Pods_SN_Showcase.framework */,
			);
			name = Frameworks;
			sourceTree = "<group>";
		};
/* End PBXGroup section */

/* Begin PBXNativeTarget section */
		1FDDE4D31C7C80DA00572122 /* SN-Showcase */ = {
			isa = PBXNativeTarget;
			buildConfigurationList = 1FDDE4E91C7C80DB00572122 /* Build configuration list for PBXNativeTarget "SN-Showcase" */;
			buildPhases = (
				5095A2AD79CCBEDF3642CBA2 /* Check Pods Manifest.lock */,
				1FDDE4D01C7C80DA00572122 /* Sources */,
				1FDDE4D11C7C80DA00572122 /* Frameworks */,
				1FDDE4D21C7C80DA00572122 /* Resources */,
				60C0BEDF135A50DCA9551DFE /* Embed Pods Frameworks */,
				5B5499711DB9D6B67CC6FC9E /* Copy Pods Resources */,
			);
			buildRules = (
			);
			dependencies = (
			);
			name = "SN-Showcase";
			productName = "SN-Showcase";
			productReference = 1FDDE4D41C7C80DA00572122 /* SN-Showcase.app */;
			productType = "com.apple.product-type.application";
		};
/* End PBXNativeTarget section */

/* Begin PBXProject section */
		1FDDE4CC1C7C80DA00572122 /* Project object */ = {
			isa = PBXProject;
			attributes = {
				LastSwiftUpdateCheck = 0720;
				LastUpgradeCheck = 0720;
				ORGANIZATIONNAME = "Александр Сабри";
				TargetAttributes = {
					1FDDE4D31C7C80DA00572122 = {
						CreatedOnToolsVersion = 7.2;
						DevelopmentTeam = X7ZJL9MMJ6;
					};
				};
			};
			buildConfigurationList = 1FDDE4CF1C7C80DA00572122 /* Build configuration list for PBXProject "SN-Showcase" */;
			compatibilityVersion = "Xcode 3.2";
			developmentRegion = English;
			hasScannedForEncodings = 0;
			knownRegions = (
				en,
				Base,
			);
			mainGroup = 1FDDE4CB1C7C80DA00572122;
			productRefGroup = 1FDDE4D51C7C80DA00572122 /* Products */;
			projectDirPath = "";
			projectRoot = "";
			targets = (
				1FDDE4D31C7C80DA00572122 /* SN-Showcase */,
			);
		};
/* End PBXProject section */

/* Begin PBXResourcesBuildPhase section */
		1FDDE4D21C7C80DA00572122 /* Resources */ = {
			isa = PBXResourcesBuildPhase;
			buildActionMask = 2147483647;
			files = (
				1FDDE4F01C7C815500572122 /* NotoSans-Bold.ttf in Resources */,
				1FDDE4E51C7C80DB00572122 /* LaunchScreen.storyboard in Resources */,
				1FDDE4F11C7C815500572122 /* NotoSans-BoldItalic.ttf in Resources */,
				1FDDE4F21C7C815500572122 /* NotoSans-Italic.ttf in Resources */,
				1FDDE4E21C7C80DB00572122 /* Assets.xcassets in Resources */,
				1FDDE4DD1C7C80DB00572122 /* Main.storyboard in Resources */,
				1FDDE4F31C7C815500572122 /* NotoSans-Regular.ttf in Resources */,
			);
			runOnlyForDeploymentPostprocessing = 0;
		};
/* End PBXResourcesBuildPhase section */

/* Begin PBXShellScriptBuildPhase section */
		5095A2AD79CCBEDF3642CBA2 /* Check Pods Manifest.lock */ = {
			isa = PBXShellScriptBuildPhase;
			buildActionMask = 2147483647;
			files = (
			);
			inputPaths = (
			);
			name = "Check Pods Manifest.lock";
			outputPaths = (
			);
			runOnlyForDeploymentPostprocessing = 0;
			shellPath = /bin/sh;
			shellScript = "diff \"${PODS_ROOT}/../Podfile.lock\" \"${PODS_ROOT}/Manifest.lock\" > /dev/null\nif [[ $? != 0 ]] ; then\n    cat << EOM\nerror: The sandbox is not in sync with the Podfile.lock. Run 'pod install' or update your CocoaPods installation.\nEOM\n    exit 1\nfi\n";
			showEnvVarsInLog = 0;
		};
		5B5499711DB9D6B67CC6FC9E /* Copy Pods Resources */ = {
			isa = PBXShellScriptBuildPhase;
			buildActionMask = 2147483647;
			files = (
			);
			inputPaths = (
			);
			name = "Copy Pods Resources";
			outputPaths = (
			);
			runOnlyForDeploymentPostprocessing = 0;
			shellPath = /bin/sh;
			shellScript = "\"${SRCROOT}/Pods/Target Support Files/Pods-SN-Showcase/Pods-SN-Showcase-resources.sh\"\n";
			showEnvVarsInLog = 0;
		};
		60C0BEDF135A50DCA9551DFE /* Embed Pods Frameworks */ = {
			isa = PBXShellScriptBuildPhase;
			buildActionMask = 2147483647;
			files = (
			);
			inputPaths = (
			);
			name = "Embed Pods Frameworks";
			outputPaths = (
			);
			runOnlyForDeploymentPostprocessing = 0;
			shellPath = /bin/sh;
			shellScript = "\"${SRCROOT}/Pods/Target Support Files/Pods-SN-Showcase/Pods-SN-Showcase-frameworks.sh\"\n";
			showEnvVarsInLog = 0;
		};
/* End PBXShellScriptBuildPhase section */

/* Begin PBXSourcesBuildPhase section */
		1FDDE4D01C7C80DA00572122 /* Sources */ = {
			isa = PBXSourcesBuildPhase;
			buildActionMask = 2147483647;
			files = (
				1F568FEC1C7E51BC003E9EB2 /* FeedVC.swift in Sources */,
				1FDDE4E01C7C80DB00572122 /* SN_Showcase.xcdatamodeld in Sources */,
				1FDDE4FC1C7C86D000572122 /* Constats.swift in Sources */,
				1FDDE4FE1C7C8CDE00572122 /* MaterialButton.swift in Sources */,
				1FDDE4DA1C7C80DA00572122 /* ViewController.swift in Sources */,
				1FDDE4D81C7C80DA00572122 /* AppDelegate.swift in Sources */,
				1FDDE4F91C7C865B00572122 /* MaterialView.swift in Sources */,
				1FDDE5001C7C900400572122 /* MaterialTextField.swift in Sources */,
				1FDDE50A1C7CC6F900572122 /* DataService.swift in Sources */,
				1F568FEE1C7E5280003E9EB2 /* PostCell.swift in Sources */,
			);
			runOnlyForDeploymentPostprocessing = 0;
		};
/* End PBXSourcesBuildPhase section */

/* Begin PBXVariantGroup section */
		1FDDE4DB1C7C80DB00572122 /* Main.storyboard */ = {
			isa = PBXVariantGroup;
			children = (
				1FDDE4DC1C7C80DB00572122 /* Base */,
			);
			name = Main.storyboard;
			sourceTree = "<group>";
		};
		1FDDE4E31C7C80DB00572122 /* LaunchScreen.storyboard */ = {
			isa = PBXVariantGroup;
			children = (
				1FDDE4E41C7C80DB00572122 /* Base */,
			);
			name = LaunchScreen.storyboard;
			sourceTree = "<group>";
		};
/* End PBXVariantGroup section */

/* Begin XCBuildConfiguration section */
		1FDDE4E71C7C80DB00572122 /* Debug */ = {
			isa = XCBuildConfiguration;
			buildSettings = {
				ALWAYS_SEARCH_USER_PATHS = NO;
				CLANG_CXX_LANGUAGE_STANDARD = "gnu++0x";
				CLANG_CXX_LIBRARY = "libc++";
				CLANG_ENABLE_MODULES = YES;
				CLANG_ENABLE_OBJC_ARC = YES;
				CLANG_WARN_BOOL_CONVERSION = YES;
				CLANG_WARN_CONSTANT_CONVERSION = YES;
				CLANG_WARN_DIRECT_OBJC_ISA_USAGE = YES_ERROR;
				CLANG_WARN_EMPTY_BODY = YES;
				CLANG_WARN_ENUM_CONVERSION = YES;
				CLANG_WARN_INT_CONVERSION = YES;
				CLANG_WARN_OBJC_ROOT_CLASS = YES_ERROR;
				CLANG_WARN_UNREACHABLE_CODE = YES;
				CLANG_WARN__DUPLICATE_METHOD_MATCH = YES;
				"CODE_SIGN_IDENTITY[sdk=iphoneos*]" = "iPhone Developer";
				COPY_PHASE_STRIP = NO;
				DEBUG_INFORMATION_FORMAT = dwarf;
				ENABLE_STRICT_OBJC_MSGSEND = YES;
				ENABLE_TESTABILITY = YES;
				GCC_C_LANGUAGE_STANDARD = gnu99;
				GCC_DYNAMIC_NO_PIC = NO;
				GCC_NO_COMMON_BLOCKS = YES;
				GCC_OPTIMIZATION_LEVEL = 0;
				GCC_PREPROCESSOR_DEFINITIONS = (
					"DEBUG=1",
					"$(inherited)",
				);
				GCC_WARN_64_TO_32_BIT_CONVERSION = YES;
				GCC_WARN_ABOUT_RETURN_TYPE = YES_ERROR;
				GCC_WARN_UNDECLARED_SELECTOR = YES;
				GCC_WARN_UNINITIALIZED_AUTOS = YES_AGGRESSIVE;
				GCC_WARN_UNUSED_FUNCTION = YES;
				GCC_WARN_UNUSED_VARIABLE = YES;
				IPHONEOS_DEPLOYMENT_TARGET = 9.2;
				MTL_ENABLE_DEBUG_INFO = YES;
				ONLY_ACTIVE_ARCH = YES;
				SDKROOT = iphoneos;
				SWIFT_OPTIMIZATION_LEVEL = "-Onone";
			};
			name = Debug;
		};
		1FDDE4E81C7C80DB00572122 /* Release */ = {
			isa = XCBuildConfiguration;
			buildSettings = {
				ALWAYS_SEARCH_USER_PATHS = NO;
				CLANG_CXX_LANGUAGE_STANDARD = "gnu++0x";
				CLANG_CXX_LIBRARY = "libc++";
				CLANG_ENABLE_MODULES = YES;
				CLANG_ENABLE_OBJC_ARC = YES;
				CLANG_WARN_BOOL_CONVERSION = YES;
				CLANG_WARN_CONSTANT_CONVERSION = YES;
				CLANG_WARN_DIRECT_OBJC_ISA_USAGE = YES_ERROR;
				CLANG_WARN_EMPTY_BODY = YES;
				CLANG_WARN_ENUM_CONVERSION = YES;
				CLANG_WARN_INT_CONVERSION = YES;
				CLANG_WARN_OBJC_ROOT_CLASS = YES_ERROR;
				CLANG_WARN_UNREACHABLE_CODE = YES;
				CLANG_WARN__DUPLICATE_METHOD_MATCH = YES;
				"CODE_SIGN_IDENTITY[sdk=iphoneos*]" = "iPhone Developer";
				COPY_PHASE_STRIP = NO;
				DEBUG_INFORMATION_FORMAT = "dwarf-with-dsym";
				ENABLE_NS_ASSERTIONS = NO;
				ENABLE_STRICT_OBJC_MSGSEND = YES;
				GCC_C_LANGUAGE_STANDARD = gnu99;
				GCC_NO_COMMON_BLOCKS = YES;
				GCC_WARN_64_TO_32_BIT_CONVERSION = YES;
				GCC_WARN_ABOUT_RETURN_TYPE = YES_ERROR;
				GCC_WARN_UNDECLARED_SELECTOR = YES;
				GCC_WARN_UNINITIALIZED_AUTOS = YES_AGGRESSIVE;
				GCC_WARN_UNUSED_FUNCTION = YES;
				GCC_WARN_UNUSED_VARIABLE = YES;
				IPHONEOS_DEPLOYMENT_TARGET = 9.2;
				MTL_ENABLE_DEBUG_INFO = NO;
				SDKROOT = iphoneos;
				VALIDATE_PRODUCT = YES;
			};
			name = Release;
		};
		1FDDE4EA1C7C80DB00572122 /* Debug */ = {
			isa = XCBuildConfiguration;
			baseConfigurationReference = BB3ABD06B8A111AAB7312D8A /* Pods-SN-Showcase.debug.xcconfig */;
			buildSettings = {
				ASSETCATALOG_COMPILER_APPICON_NAME = AppIcon;
				ENABLE_BITCODE = NO;
				FRAMEWORK_SEARCH_PATHS = (
					"$(inherited)",
					"$(PROJECT_DIR)/SN-Showcase",
				);
				INFOPLIST_FILE = "SN-Showcase/Info.plist";
				LD_RUNPATH_SEARCH_PATHS = "$(inherited) @executable_path/Frameworks";
				PRODUCT_BUNDLE_IDENTIFIER = co.thenine.SNShowcase;
				PRODUCT_NAME = "$(TARGET_NAME)";
			};
			name = Debug;
		};
		1FDDE4EB1C7C80DB00572122 /* Release */ = {
			isa = XCBuildConfiguration;
			baseConfigurationReference = A82A6742883BC9D8E7D335F6 /* Pods-SN-Showcase.release.xcconfig */;
			buildSettings = {
				ASSETCATALOG_COMPILER_APPICON_NAME = AppIcon;
				ENABLE_BITCODE = NO;
				FRAMEWORK_SEARCH_PATHS = (
					"$(inherited)",
					"$(PROJECT_DIR)/SN-Showcase",
				);
				INFOPLIST_FILE = "SN-Showcase/Info.plist";
				LD_RUNPATH_SEARCH_PATHS = "$(inherited) @executable_path/Frameworks";
				PRODUCT_BUNDLE_IDENTIFIER = co.thenine.SNShowcase;
				PRODUCT_NAME = "$(TARGET_NAME)";
			};
			name = Release;
		};
/* End XCBuildConfiguration section */

/* Begin XCConfigurationList section */
		1FDDE4CF1C7C80DA00572122 /* Build configuration list for PBXProject "SN-Showcase" */ = {
			isa = XCConfigurationList;
			buildConfigurations = (
				1FDDE4E71C7C80DB00572122 /* Debug */,
				1FDDE4E81C7C80DB00572122 /* Release */,
			);
			defaultConfigurationIsVisible = 0;
			defaultConfigurationName = Release;
		};
		1FDDE4E91C7C80DB00572122 /* Build configuration list for PBXNativeTarget "SN-Showcase" */ = {
			isa = XCConfigurationList;
			buildConfigurations = (
				1FDDE4EA1C7C80DB00572122 /* Debug */,
				1FDDE4EB1C7C80DB00572122 /* Release */,
			);
			defaultConfigurationIsVisible = 0;
			defaultConfigurationName = Release;
		};
/* End XCConfigurationList section */

/* Begin XCVersionGroup section */
		1FDDE4DE1C7C80DB00572122 /* SN_Showcase.xcdatamodeld */ = {
			isa = XCVersionGroup;
			children = (
				1FDDE4DF1C7C80DB00572122 /* SN_Showcase.xcdatamodel */,
			);
			currentVersion = 1FDDE4DF1C7C80DB00572122 /* SN_Showcase.xcdatamodel */;
			path = SN_Showcase.xcdatamodeld;
			sourceTree = "<group>";
			versionGroupType = wrapper.xcdatamodel;
		};
/* End XCVersionGroup section */
	};
	rootObject = 1FDDE4CC1C7C80DA00572122 /* Project object */;
}
